github.com/procyon-projects/procyon-cloud v0.0.0-20210127200508-1162d26fd9a0 h1:QEMnsQW5ZT38QxOxYbKD/Q1U3A8iwPdB+e4DYstSlf0=
github.com/procyon-projects/procyon-cloud v0.0.0-20210127200508-1162d26fd9a0/go.mod h1:bI4meY4fRES4UUWjN+77wAL2UMl/Pl0/4i3bK8aHLAc=
github.com/procyon-projects/procyon-cloud v0.0.0-20210127202123-ae704e696cef h1:1NlBrGiel6QKdOUMkVISPFB6FLlmnf+8xAeITQk217c=
github.com/procyon-projects/procyon-cloud v0.0.0-20210127202123-ae704e696cef/go.mod h1:bI4meY4fRES4UUWjN+77wAL2UMl/Pl0/4i3bK8aHLAc=
