github.com/codnect/goo v1.0.2-beta/go.mod h1:bZTAsLVqRkY+iAecGo6lvKYP1hKt5ypfys2Y1Jjm92w=
github.com/creack/pty v1.1.9/go.mod h1:oKZEueFk5CKHvIhNR5MUki03XCEU+Q6VDXinZuGJ33E=
github.com/davecgh/go-spew v1.1.0/go.mod h1:J7Y8YcW2NihsgmVo/mv3lAwl/skON4iLHjSsI+c5H38=
github.com/davecgh/go-spew v1.1.1 h1:vj9j/u1bqnvCEfJOwUhtlOARqs3+rkHYY13jYWTU97c=
github.com/davecgh/go-spew v1.1.1/go.mod h1:J7Y8YcW2NihsgmVo/mv3lAwl/skON4iLHjSsI+c5H38=
github.com/konsorten/go-windows-terminal-sequences v1.0.3/go.mod h1:T0+1ngSBFLxvqU3pZ+m/2kptfBszLMUkC4ZK/EgS/cQ=
github.com/kr/pty v1.1.1/go.mod h1:pFQYn66WHrOpPYNljwOMqo10TkYh1fy3cYio2l3bCsQ=
github.com/kr/text v0.1.0/go.mod h1:4Jbv+DJW3UT/LiOwJeYQe1efqtUx/iVham/4vfdArNI=
github.com/kr/text v0.2.0 h1:5Nx0Ya0ZqY2ygV366QzturHI13Jq95ApcVaJBhpS+AY=
github.com/kr/text v0.2.0/go.mod h1:eLer722TekiGuMkidMxC/pM04lWEeraHUUmBw8l2grE=
github.com/niemeyer/pretty v0.0.0-20200227124842-a10e7caefd8e h1:fD57ERR4JtEqsWbfPhv4DMiApHyliiK5xCTNVSPiaAs=
github.com/niemeyer/pretty v0.0.0-20200227124842-a10e7caefd8e/go.mod h1:zD1mROLANZcx1PVRCS0qkT7pwLkGfwJo4zjcN/Tysno=
github.com/pmezard/go-difflib v1.0.0 h1:4DBwDE0NGyQoBHbLQYPwSUPoCMWR5BEzIk/f1lZbAQM=
github.com/pmezard/go-difflib v1.0.0/go.mod h1:iKH77koFhYxTK1pcRnkKkqfTogsbg7gZNVY4sRDYZ/4=
github.com/procyon-projects/goo v1.0.4 h1:EnxgrOXmWOvFvXqimkAfSGL1d5BGlwzoScIVFN6nwMI=
github.com/procyon-projects/goo v1.0.4/go.mod h1:Dzcp0gzz4YEmD+0Kl4FBHRcCl5pufBCKlkyH65azkbU=
github.com/procyon-projects/procyon-cloud v0.0.0-20210130135444-faf76806770a h1:mm1xJrcc2j8DAgyQs0qMpPl9U7AZ2zkJ1Exs7OIhbUE=
github.com/procyon-projects/procyon-cloud v0.0.0-20210130135444-faf76806770a/go.mod h1:bI4meY4fRES4UUWjN+77wAL2UMl/Pl0/4i3bK8aHLAc=
github.com/procyon-projects/procyon-cloud v0.0.0-20210130220046-8f1a10050e8a h1:HL7joVMfpA69jI0AbXmvmF6/M1uwBoDORY9RjZ1R978=
github.com/procyon-projects/procyon-cloud v0.0.0-20210130220046-8f1a10050e8a/go.mod h1:bI4meY4fRES4UUWjN+77wAL2UMl/Pl0/4i3bK8aHLAc=
github.com/procyon-projects/procyon-configure v0.0.0-20210107222610-71e0139ae0f7 h1:N5ViK2HMygXTK3sC+FCOdEqKhqWl5ILIkD8Wc3ozNzs=
github.com/procyon-projects/procyon-configure v0.0.0-20210107222610-71e0139ae0f7/go.mod h1:mrW5i+XnZ4QyYdpyfyzy4/jrTkbxTsib680DRtDNRKw=
github.com/procyon-projects/procyon-configure v0.0.0-20210122231728-2eefc549f2b2 h1:mw/wQYMS0vjvtewK8kjhdJk9AEe1PGCjF62gX5yyRsI=
github.com/procyon-projects/procyon-configure v0.0.0-20210122231728-2eefc549f2b2/go.mod h1:mrW5i+XnZ4QyYdpyfyzy4/jrTkbxTsib680DRtDNRKw=
github.com/procyon-projects/procyon-context v0.0.0-20201214184807-fb54799e7c5f/go.mod h1:c2+akz4eAI0peC9qboZv7AdeqpVOKlrMt2TgvQ9Xn78=
github.com/procyon-projects/procyon-context v0.0.0-20210107223212-5a4458edb955 h1:K6akzSjdK3zhZKUALDF69kS5UrQyYwCxRRwaQ1duSb0=
github.com/procyon-projects/procyon-context v0.0.0-20210107223212-5a4458edb955/go.mod h1:tKeeB/WnuwUeZ0nhwr+dPvlw+SK433igXTPziDgJJFc=
github.com/procyon-projects/procyon-context v0.0.0-20210131113519-986cb7898bbf h1:JiES5A1IMrwlnErBhgDdPKkrdoX31zSpo59yxmJDvNA=
github.com/procyon-projects/procyon-context v0.0.0-20210131113519-986cb7898bbf/go.mod h1:tKeeB/WnuwUeZ0nhwr+dPvlw+SK433igXTPziDgJJFc=
github.com/procyon-projects/procyon-core v0.0.0-20201203210426-57669e824045/go.mod h1:C4p1m4pJb1zVxnMGJZEop4PG2d41r6S8dyFtjtpRLcQ=
github.com/procyon-projects/procyon-core v0.0.0-20201214183449-40fdf244aa24/go.mod h1:Pc66laRRWzHtdZiu/Kq+UHd3bWJxIlH+eSTndKVnR+4=
github.com/procyon-projects/procyon-core v0.0.0-20201220152409-8be6bfca0807 h1:6MZKCl1bVN21l7+W0DDOZ+e4+xov1tnJHTO5qlKGtP8=
github.com/procyon-projects/procyon-core v0.0.0-20201220152409-8be6bfca0807/go.mod h1:Pc66laRRWzHtdZiu/Kq+UHd3bWJxIlH+eSTndKVnR+4=
github.com/procyon-projects/procyon-core v0.0.0-20210108204647-4afc20350c83 h1:fGSIGDMenp8iOdwNd/tmQXJrBL8gmtMCzeuSfZL+7pc=
github.com/procyon-projects/procyon-core v0.0.0-20210108204647-4afc20350c83/go.mod h1:Pc66laRRWzHtdZiu/Kq+UHd3bWJxIlH+eSTndKVnR+4=
github.com/procyon-projects/procyon-peas v0.0.0-20201214184332-80129abad3b3/go.mod h1:uUgrHDtGUZPliiQCDB5AnjeZQjJWd5HPWE7dUAkLuQc=
github.com/procyon-projects/procyon-peas v0.0.0-20201216175850-6e7929fd4292 h1:RKtQXp0Hnmf3Suyp+fzkvu7GT0YMImxqf0jsPm7Wzr8=
github.com/procyon-projects/procyon-peas v0.0.0-20201216175850-6e7929fd4292/go.mod h1:uUgrHDtGUZPliiQCDB5AnjeZQjJWd5HPWE7dUAkLuQc=
github.com/sirupsen/logrus v1.7.0 h1:ShrD1U9pZB12TX0cVy0DtePoCH97K8EtX+mg7ZARUtM=
github.com/sirupsen/logrus v1.7.0/go.mod h1:yWOB1SBYBC5VeMP7gHvWumXLIWorT60ONWic61uBYv0=
github.com/stretchr/objx v0.1.0 h1:4G4v2dO3VZwixGIRoQ5Lfboy6nUhCyYzaqnIAPPhYs4=
github.com/stretchr/objx v0.1.0/go.mod h1:HFkY916IF+rwdDfMAkV7OtwuqBVzrE8GR6GFx+wExME=
github.com/stretchr/testify v1.2.2/go.mod h1:a8OnRcib4nhh0OaRAV+Yts87kKdq0PP7pXfy6kDkUVs=
github.com/stretchr/testify v1.6.1 h1:hDPOHmpOpP40lSULcqw7IrRb/u7w6RpDC9399XyoNd0=
github.com/stretchr/testify v1.6.1/go.mod h1:6Fq8oRcR53rry900zMqJjRRixrwX3KX962/h/Wwjteg=
golang.org/x/sys v0.0.0-20191026070338-33540a1f6037/go.mod h1:h1NjWce9XRLGQEsW7wpKNCjG9DtNlClVuFLEZdDNbEs=
golang.org/x/sys v0.0.0-20201214095126-aec9a390925b/go.mod h1:h1NjWce9XRLGQEsW7wpKNCjG9DtNlClVuFLEZdDNbEs=
golang.org/x/sys v0.0.0-20210105210732-16f7687f5001 h1:/dSxr6gT0FNI1MO5WLJo8mTmItROeOKTkDn+7OwWBos=
golang.org/x/sys v0.0.0-20210105210732-16f7687f5001/go.mod h1:h1NjWce9XRLGQEsW7wpKNCjG9DtNlClVuFLEZdDNbEs=
golang.org/x/sys v0.0.0-20210124154548-22da62e12c0c h1:VwygUrnw9jn88c4u8GD3rZQbqrP/tgas88tPUbBxQrk=
golang.org/x/sys v0.0.0-20210124154548-22da62e12c0c/go.mod h1:h1NjWce9XRLGQEsW7wpKNCjG9DtNlClVuFLEZdDNbEs=
gopkg.in/check.v1 v0.0.0-20161208181325-20d25e280405/go.mod h1:Co6ibVJAznAaIkqp8huTwlJQCZ016jof/cbN4VW5Yz0=
gopkg.in/check.v1 v1.0.0-20200227125254-8fa46927fb4f h1:BLraFXnmrev5lT+xlilqcH8XK9/i0At2xKjWk4p6zsU=
gopkg.in/check.v1 v1.0.0-20200227125254-8fa46927fb4f/go.mod h1:Co6ibVJAznAaIkqp8huTwlJQCZ016jof/cbN4VW5Yz0=
gopkg.in/yaml.v3 v3.0.0-20200313102051-9f266ea9e77c/go.mod h1:K4uyk7z7BCEPqu6E+C64Yfv1cQ7kz7rIZviUmN+EgEM=
gopkg.in/yaml.v3 v3.0.0-20200605160147-a5ece683394c h1:grhR+C34yXImVGp7EzNk+DTIk+323eIUWOmEevy6bDo=
gopkg.in/yaml.v3 v3.0.0-20200605160147-a5ece683394c/go.mod h1:K4uyk7z7BCEPqu6E+C64Yfv1cQ7kz7rIZviUmN+EgEM=
